
Microsoft Visual Studio Solution File, Format Version 12.00
# Visual Studio Version 16
VisualStudioVersion = 16.0.31624.102
MinimumVisualStudioVersion = 10.0.40219.1
Project("{8BC9CEB8-8B4A-11D0-8D11-00A0C91BC942}") = "TauIRDebug", "TauIRDebug\TauIRDebug.vcxproj", "{D1850C5E-BD3D-4EAB-2645-2707121CE99B}"
EndProject
Project("{8BC9CEB8-8B4A-11D0-8D11-00A0C91BC942}") = "TauIRLib", "TauIRLib\TauIRLib.vcxproj", "{A1FF6042-8DCC-BB4D-B6E5-A9F5A211F1DB}"
EndProject
Project("{8BC9CEB8-8B4A-11D0-8D11-00A0C91BC942}") = "TauIRTest", "TauIRTest\TauIRTest.vcxproj", "{6A48858E-D6B2-3905-1FF1-EAAA8B9A175A}"
	ProjectSection(ProjectDependencies) = postProject
		{A1FF6042-8DCC-BB4D-B6E5-A9F5A211F1DB} = {A1FF6042-8DCC-BB4D-B6E5-A9F5A211F1DB}
		{D1850C5E-BD3D-4EAB-2645-2707121CE99B} = {D1850C5E-BD3D-4EAB-2645-2707121CE99B}
	EndProjectSection
EndProject
Global
	GlobalSection(SolutionConfigurationPlatforms) = preSolution
		Debug|Win64 = Debug|Win64
		Release|Win64 = Release|Win64
	EndGlobalSection
	GlobalSection(ProjectConfigurationPlatforms) = postSolution
		{D1850C5E-BD3D-4EAB-2645-2707121CE99B}.Debug|Win64.ActiveCfg = Debug Win64|x64
		{D1850C5E-BD3D-4EAB-2645-2707121CE99B}.Debug|Win64.Build.0 = Debug Win64|x64
		{D1850C5E-BD3D-4EAB-2645-2707121CE99B}.Release|Win64.ActiveCfg = Release Win64|x64
		{D1850C5E-BD3D-4EAB-2645-2707121CE99B}.Release|Win64.Build.0 = Release Win64|x64
		{A1FF6042-8DCC-BB4D-B6E5-A9F5A211F1DB}.Debug|Win64.ActiveCfg = Debug Win64|x64
		{A1FF6042-8DCC-BB4D-B6E5-A9F5A211F1DB}.Debug|Win64.Build.0 = Debug Win64|x64
		{A1FF6042-8DCC-BB4D-B6E5-A9F5A211F1DB}.Release|Win64.ActiveCfg = Release Win64|x64
		{A1FF6042-8DCC-BB4D-B6E5-A9F5A211F1DB}.Release|Win64.Build.0 = Release Win64|x64
		{6A48858E-D6B2-3905-1FF1-EAAA8B9A175A}.Debug|Win64.ActiveCfg = Debug Win64|x64
		{6A48858E-D6B2-3905-1FF1-EAAA8B9A175A}.Debug|Win64.Build.0 = Debug Win64|x64
		{6A48858E-D6B2-3905-1FF1-EAAA8B9A175A}.Release|Win64.ActiveCfg = Release Win64|x64
		{6A48858E-D6B2-3905-1FF1-EAAA8B9A175A}.Release|Win64.Build.0 = Release Win64|x64
	EndGlobalSection
	GlobalSection(SolutionProperties) = preSolution
		HideSolutionNode = FALSE
	EndGlobalSection
	GlobalSection(ExtensibilityGlobals) = postSolution
		SolutionGuid = {F00BE633-5C59-4FC4-B347-CBA37D2B6AEC}
	EndGlobalSection
EndGlobal
